dependencies:
- name: ambassador
  repository: ""
  version: 0.1.10
- name: appstore
  repository: https://helxplatform.github.io/helm-charts/
  version: 0.6.3
- name: backup-pvc-cronjob
  repository: ""
  version: 0.1.0
- name: helx-monitoring
  repository: ""
  version: 0.1.6
- name: image-utils
  repository: ""
  version: 0.1.0
- name: monitoring
  repository: https://helxplatform.github.io/helm-charts/
  version: 0.2.2
- name: nfs-server
  repository: ""
  version: 0.2.5
- name: nfsrods
  repository: ""
  version: 2.0.3
- name: nginx
  repository: ""
  version: 0.3.4
- name: pod-reaper
  repository: ""
  version: 0.1.5
- name: search
  repository: https://helxplatform.github.io/helm-charts/
  version: 1.6.2
- name: tycho-api
  repository: https://helxplatform.github.io/helm-charts/
  version: 0.2-dev
digest: sha256:71e46ca107fad1763dcdeffaaa6d24e259e746e451a3229c39c87fed0b11f564
generated: "2022-02-11T13:36:36.39336-05:00"
