dependencies:
- name: ambassador
  repository: ""
  version: 0.1.10
- name: appstore
  repository: http://localhost:8080/
  version: 0.6.1-dev
- name: backup-pvc-cronjob
  repository: ""
  version: 0.1.0
- name: helx-monitoring
  repository: ""
  version: 0.1.6
- name: image-utils
  repository: ""
  version: 0.1.0
- name: monitoring
  repository: http://localhost:8080/
  version: 0.2.2
- name: nfs-server
  repository: ""
  version: 0.2.5
- name: nfsrods
  repository: ""
  version: 0.2.0
- name: nginx
  repository: ""
  version: 0.3.4
- name: pod-reaper
  repository: ""
  version: 0.1.5
- name: search
  repository: http://localhost:8080/
  version: 1.6.0-dev
- name: tycho-api
  repository: http://localhost:8080/
  version: 0.2-dev
digest: sha256:bd6e66750f32ee8cbb53b78ada9eb0204ee40bb64b76246cead9fab3aa76c398
generated: "2022-02-08T20:17:42.947557-05:00"
